
Microsoft Visual Studio Solution File, Format Version 12.00
# Visual Studio 15
VisualStudioVersion = 15.0.28307.572
MinimumVisualStudioVersion = 10.0.40219.1
Project("{FAE04EC0-301F-11D3-BF4B-00C04F79EFBC}") = "RandomProduct", "RandomProduct\RandomProduct.csproj", "{BA791626-90EB-45F4-996D-076AC0D2AB1A}"
EndProject
Project("{9A19103F-16F7-4668-BE54-9A1E7A4F7556}") = "RandomProduct.Models.Domain", "RandomProduct.Models.Domain\RandomProduct.Models.Domain.csproj", "{D6318A2A-180A-4472-8011-6399C2D6D325}"
EndProject
Global
	GlobalSection(SolutionConfigurationPlatforms) = preSolution
		Debug|Any CPU = Debug|Any CPU
		Release|Any CPU = Release|Any CPU
	EndGlobalSection
	GlobalSection(ProjectConfigurationPlatforms) = postSolution
		{BA791626-90EB-45F4-996D-076AC0D2AB1A}.Debug|Any CPU.ActiveCfg = Debug|Any CPU
		{BA791626-90EB-45F4-996D-076AC0D2AB1A}.Debug|Any CPU.Build.0 = Debug|Any CPU
		{BA791626-90EB-45F4-996D-076AC0D2AB1A}.Release|Any CPU.ActiveCfg = Release|Any CPU
		{BA791626-90EB-45F4-996D-076AC0D2AB1A}.Release|Any CPU.Build.0 = Release|Any CPU
		{D6318A2A-180A-4472-8011-6399C2D6D325}.Debug|Any CPU.ActiveCfg = Debug|Any CPU
		{D6318A2A-180A-4472-8011-6399C2D6D325}.Debug|Any CPU.Build.0 = Debug|Any CPU
		{D6318A2A-180A-4472-8011-6399C2D6D325}.Release|Any CPU.ActiveCfg = Release|Any CPU
		{D6318A2A-180A-4472-8011-6399C2D6D325}.Release|Any CPU.Build.0 = Release|Any CPU
	EndGlobalSection
	GlobalSection(SolutionProperties) = preSolution
		HideSolutionNode = FALSE
	EndGlobalSection
	GlobalSection(ExtensibilityGlobals) = postSolution
		SolutionGuid = {9C26F008-30FE-4429-A7AD-35BE8EDF41F3}
	EndGlobalSection
EndGlobal
